<?xml version="1.0" encoding="utf-8"?>
<Project ToolsVersion="4.0" xmlns="http://schemas.microsoft.com/developer/msbuild/2003">
  <ItemGroup>
    <Filter Include="Source Files">
      <UniqueIdentifier>{4FC737F1-C7A5-4376-A066-2A32D752A2FF}</UniqueIdentifier>
      <Extensions>cpp;c;cc;cxx;c++;cppm;ixx;def;odl;idl;hpj;bat;asm;asmx</Extensions>
    </Filter>
    <Filter Include="Header Files">
      <UniqueIdentifier>{93995380-89BD-4b04-88EB-625FBE52EBFB}</UniqueIdentifier>
      <Extensions>h;hh;hpp;hxx;h++;hm;inl;inc;ipp;xsd</Extensions>
    </Filter>
    <Filter Include="Resource Files">
      <UniqueIdentifier>{67DA6AB6-F800-4c08-8B7A-83BB121AAD01}</UniqueIdentifier>
      <Extensions>rc;ico;cur;bmp;dlg;rc2;rct;bin;rgs;gif;jpg;jpeg;jpe;resx;tiff;tif;png;wav;mfcribbon-ms</Extensions>
    </Filter>
    <Filter Include="Source Files\Queue">
      <UniqueIdentifier>{10a176bd-6603-4f11-8f1e-fb115aa86008}</UniqueIdentifier>
    </Filter>
    <Filter Include="Header Files\Queue">
      <UniqueIdentifier>{f300054a-c8ad-41c1-9b82-6da944acd42c}</UniqueIdentifier>
    </Filter>
    <Filter Include="Source Files\TodoList">
      <UniqueIdentifier>{51d4d357-dcba-4e62-b8e3-af6038ef008c}</UniqueIdentifier>
    </Filter>
    <Filter Include="Header Files\TodoList">
      <UniqueIdentifier>{80b4aa45-06f3-49b8-be7f-a785d725e2e5}</UniqueIdentifier>
    </Filter>
    <Filter Include="Source Files\MapExample">
      <UniqueIdentifier>{a711893b-8751-4f4e-ae2f-556e0152ea48}</UniqueIdentifier>
    </Filter>
    <Filter Include="Header Files\MapExample">
      <UniqueIdentifier>{cd28b689-f74f-4541-a9aa-b22834e6b386}</UniqueIdentifier>
    </Filter>
  </ItemGroup>
  <ItemGroup>
    <ClCompile Include="Main.cpp">
      <Filter>Source Files</Filter>
    </ClCompile>
    <ClCompile Include="QueueExample.cpp">
      <Filter>Source Files\Queue</Filter>
    </ClCompile>
    <ClCompile Include="Queue.cpp">
      <Filter>Source Files\Queue</Filter>
    </ClCompile>
    <ClCompile Include="Todo.cpp">
      <Filter>Source Files\TodoList</Filter>
    </ClCompile>
    <ClCompile Include="MapExample.cpp">
      <Filter>Source Files\MapExample</Filter>
    </ClCompile>
  </ItemGroup>
  <ItemGroup>
    <ClInclude Include="QueueExample.h">
      <Filter>Header Files\Queue</Filter>
    </ClInclude>
    <ClInclude Include="Queue.h">
      <Filter>Header Files\Queue</Filter>
    </ClInclude>
    <ClInclude Include="Todo.h">
      <Filter>Header Files\TodoList</Filter>
    </ClInclude>
    <ClInclude Include="MapExample.h">
      <Filter>Header Files\MapExample</Filter>
    </ClInclude>
  </ItemGroup>
</Project>